
Microsoft Visual Studio Solution File, Format Version 11.00
# Visual Studio 2010
Project("{FAE04EC0-301F-11D3-BF4B-00C04F79EFBC}") = "prj35347_Lista01_Exec08", "prj35347_Lista01_Exec08\prj35347_Lista01_Exec08.csproj", "{CBA81FDC-3B9B-4571-9BC6-F4BCE0DAC1AE}"
EndProject
Global
	GlobalSection(SolutionConfigurationPlatforms) = preSolution
		Debug|x86 = Debug|x86
		Release|x86 = Release|x86
	EndGlobalSection
	GlobalSection(ProjectConfigurationPlatforms) = postSolution
		{CBA81FDC-3B9B-4571-9BC6-F4BCE0DAC1AE}.Debug|x86.ActiveCfg = Debug|x86
		{CBA81FDC-3B9B-4571-9BC6-F4BCE0DAC1AE}.Debug|x86.Build.0 = Debug|x86
		{CBA81FDC-3B9B-4571-9BC6-F4BCE0DAC1AE}.Release|x86.ActiveCfg = Release|x86
		{CBA81FDC-3B9B-4571-9BC6-F4BCE0DAC1AE}.Release|x86.Build.0 = Release|x86
	EndGlobalSection
	GlobalSection(SolutionProperties) = preSolution
		HideSolutionNode = FALSE
	EndGlobalSection
EndGlobal
