
Microsoft Visual Studio Solution File, Format Version 11.00
# Visual Studio 2010
Project("{FAE04EC0-301F-11D3-BF4B-00C04F79EFBC}") = "prj35347_Lista01_Exec04", "prj35347_Lista01_Exec04\prj35347_Lista01_Exec04.csproj", "{4BDA7A33-E4E2-446E-AC83-63DD7C648BA2}"
EndProject
Global
	GlobalSection(SolutionConfigurationPlatforms) = preSolution
		Debug|x86 = Debug|x86
		Release|x86 = Release|x86
	EndGlobalSection
	GlobalSection(ProjectConfigurationPlatforms) = postSolution
		{4BDA7A33-E4E2-446E-AC83-63DD7C648BA2}.Debug|x86.ActiveCfg = Debug|x86
		{4BDA7A33-E4E2-446E-AC83-63DD7C648BA2}.Debug|x86.Build.0 = Debug|x86
		{4BDA7A33-E4E2-446E-AC83-63DD7C648BA2}.Release|x86.ActiveCfg = Release|x86
		{4BDA7A33-E4E2-446E-AC83-63DD7C648BA2}.Release|x86.Build.0 = Release|x86
	EndGlobalSection
	GlobalSection(SolutionProperties) = preSolution
		HideSolutionNode = FALSE
	EndGlobalSection
EndGlobal
